// !$*UTF8*$!
{
	archiveVersion = 1;
	classes = {
	};
	objectVersion = 50;
	objects = {

/* Begin PBXBuildFile section */
		00095DC223A0B0FA00EBBEE4 /* NotpadViewController.swift in Sources */ = {isa = PBXBuildFile; fileRef = 00095DC123A0B0FA00EBBEE4 /* NotpadViewController.swift */; };
		00095DC823A0C03400EBBEE4 /* Contact.swift in Sources */ = {isa = PBXBuildFile; fileRef = 00095DC723A0C03400EBBEE4 /* Contact.swift */; };
		00095DCA23A0C03B00EBBEE4 /* ContactAPI.swift in Sources */ = {isa = PBXBuildFile; fileRef = 00095DC923A0C03B00EBBEE4 /* ContactAPI.swift */; };
		00095DCC23A0CF5700EBBEE4 /* EditUserViewController.swift in Sources */ = {isa = PBXBuildFile; fileRef = 00095DCB23A0CF5700EBBEE4 /* EditUserViewController.swift */; };
		00095DCE23A0F72700EBBEE4 /* ic_arrow_back.png in Resources */ = {isa = PBXBuildFile; fileRef = 00095DCD23A0F72700EBBEE4 /* ic_arrow_back.png */; };
		00095DD023A0F74200EBBEE4 /* ic_error_white.png in Resources */ = {isa = PBXBuildFile; fileRef = 00095DCF23A0F74100EBBEE4 /* ic_error_white.png */; };
		00095DD223A10E2800EBBEE4 /* audio.png in Resources */ = {isa = PBXBuildFile; fileRef = 00095DD123A10E2700EBBEE4 /* audio.png */; };
		00095DD423A10E4000EBBEE4 /* video.png in Resources */ = {isa = PBXBuildFile; fileRef = 00095DD323A10E4000EBBEE4 /* video.png */; };
		00095DD723A10E6600EBBEE4 /* document.png in Resources */ = {isa = PBXBuildFile; fileRef = 00095DD623A10E6500EBBEE4 /* document.png */; };
		00095DD923A1145400EBBEE4 /* uploadBookViewController.swift in Sources */ = {isa = PBXBuildFile; fileRef = 00095DD823A1145400EBBEE4 /* uploadBookViewController.swift */; };
		000FCED523A754D2008B323F /* ShareUsViewController.swift in Sources */ = {isa = PBXBuildFile; fileRef = 000FCED423A754D2008B323F /* ShareUsViewController.swift */; };
		000FCED723A7575E008B323F /* share.png in Resources */ = {isa = PBXBuildFile; fileRef = 000FCED623A7575E008B323F /* share.png */; };
		000FCED923A7576B008B323F /* helpcenter.png in Resources */ = {isa = PBXBuildFile; fileRef = 000FCED823A7576A008B323F /* helpcenter.png */; };
		000FCEDB23A75776008B323F /* about.png in Resources */ = {isa = PBXBuildFile; fileRef = 000FCEDA23A75775008B323F /* about.png */; };
		000FCEDD23A7578E008B323F /* contactus.png in Resources */ = {isa = PBXBuildFile; fileRef = 000FCEDC23A7578E008B323F /* contactus.png */; };
		000FCEDF23A757CD008B323F /* languges.png in Resources */ = {isa = PBXBuildFile; fileRef = 000FCEDE23A757CC008B323F /* languges.png */; };
		000FCEE123A75E12008B323F /* CompanyInfoViewController.swift in Sources */ = {isa = PBXBuildFile; fileRef = 000FCEE023A75E12008B323F /* CompanyInfoViewController.swift */; };
		000FCEE323A764E1008B323F /* help.png in Resources */ = {isa = PBXBuildFile; fileRef = 000FCEE223A764E0008B323F /* help.png */; };
		000FCEE523A7669C008B323F /* ic_error_white.png in Resources */ = {isa = PBXBuildFile; fileRef = 000FCEE423A7669B008B323F /* ic_error_white.png */; };
		000FCEE723A766BC008B323F /* imagebg.png in Resources */ = {isa = PBXBuildFile; fileRef = 000FCEE623A766B3008B323F /* imagebg.png */; };
		000FCEE923A766C5008B323F /* imagebg.png in Resources */ = {isa = PBXBuildFile; fileRef = 000FCEE823A766C5008B323F /* imagebg.png */; };
		000FCEEB23A768EE008B323F /* LeftArrow.png in Resources */ = {isa = PBXBuildFile; fileRef = 000FCEEA23A768EE008B323F /* LeftArrow.png */; };
		000FCEEE23A76E8B008B323F /* HelpViewController.swift in Sources */ = {isa = PBXBuildFile; fileRef = 000FCEED23A76E8B008B323F /* HelpViewController.swift */; };
		000FCEF023A76EAD008B323F /* ContactUsViewController.swift in Sources */ = {isa = PBXBuildFile; fileRef = 000FCEEF23A76EAD008B323F /* ContactUsViewController.swift */; };
		000FCEF223A78E23008B323F /* AboutUsViewController.swift in Sources */ = {isa = PBXBuildFile; fileRef = 000FCEF123A78E23008B323F /* AboutUsViewController.swift */; };
		000FCEF423A7B5ED008B323F /* drop-down-arrow.png in Resources */ = {isa = PBXBuildFile; fileRef = 000FCEF323A7B5EC008B323F /* drop-down-arrow.png */; };
		0027244923A3A40A005E523C /* Pods_UeBook.framework in Frameworks */ = {isa = PBXBuildFile; fileRef = 0027244823A3A40A005E523C /* Pods_UeBook.framework */; };
		004F7CF1239BCDBB00BAB2DD /* register.jpg in Resources */ = {isa = PBXBuildFile; fileRef = 004F7CED239BCDBA00BAB2DD /* register.jpg */; };
		004F7CF2239BCDBB00BAB2DD /* homescreen.jpg in Resources */ = {isa = PBXBuildFile; fileRef = 004F7CEE239BCDBA00BAB2DD /* homescreen.jpg */; };
		004F7CF3239BCDBB00BAB2DD /* login.jpg in Resources */ = {isa = PBXBuildFile; fileRef = 004F7CEF239BCDBA00BAB2DD /* login.jpg */; };
		004F7CF4239BCDBB00BAB2DD /* spash-screen.jpg in Resources */ = {isa = PBXBuildFile; fileRef = 004F7CF0239BCDBA00BAB2DD /* spash-screen.jpg */; };
		004F7CFA239BD13300BAB2DD /* e-book-1080.png in Resources */ = {isa = PBXBuildFile; fileRef = 004F7CF6239BD13200BAB2DD /* e-book-1080.png */; };
		004F7CFB239BD13300BAB2DD /* e-book-512.png in Resources */ = {isa = PBXBuildFile; fileRef = 004F7CF7239BD13200BAB2DD /* e-book-512.png */; };
		004F7CFC239BD13300BAB2DD /* e-book-ico-1080.png in Resources */ = {isa = PBXBuildFile; fileRef = 004F7CF8239BD13200BAB2DD /* e-book-ico-1080.png */; };
		004F7CFD239BD13300BAB2DD /* e-book-ico-512.png in Resources */ = {isa = PBXBuildFile; fileRef = 004F7CF9239BD13200BAB2DD /* e-book-ico-512.png */; };
		0058529B239A710A00E5BE9B /* AppDelegate.swift in Sources */ = {isa = PBXBuildFile; fileRef = 0058529A239A710A00E5BE9B /* AppDelegate.swift */; };
		0058529D239A710A00E5BE9B /* ViewController.swift in Sources */ = {isa = PBXBuildFile; fileRef = 0058529C239A710A00E5BE9B /* ViewController.swift */; };
		005852A0239A710A00E5BE9B /* Main.storyboard in Resources */ = {isa = PBXBuildFile; fileRef = 0058529E239A710A00E5BE9B /* Main.storyboard */; };
		005852A2239A710A00E5BE9B /* Assets.xcassets in Resources */ = {isa = PBXBuildFile; fileRef = 005852A1239A710A00E5BE9B /* Assets.xcassets */; };
		005852A5239A710A00E5BE9B /* LaunchScreen.storyboard in Resources */ = {isa = PBXBuildFile; fileRef = 005852A3239A710A00E5BE9B /* LaunchScreen.storyboard */; };
		005852B0239A710A00E5BE9B /* UeBookTests.swift in Sources */ = {isa = PBXBuildFile; fileRef = 005852AF239A710A00E5BE9B /* UeBookTests.swift */; };
		005852BB239A710A00E5BE9B /* UeBookUITests.swift in Sources */ = {isa = PBXBuildFile; fileRef = 005852BA239A710A00E5BE9B /* UeBookUITests.swift */; };
		005852CF239A71BA00E5BE9B /* 1-spash-screen.png in Resources */ = {isa = PBXBuildFile; fileRef = 005852CE239A71B900E5BE9B /* 1-spash-screen.png */; };
		005852D1239A71C300E5BE9B /* 3-login.png in Resources */ = {isa = PBXBuildFile; fileRef = 005852D0239A71C300E5BE9B /* 3-login.png */; };
		005852D5239A71D500E5BE9B /* 2-register.png in Resources */ = {isa = PBXBuildFile; fileRef = 005852D4239A71D500E5BE9B /* 2-register.png */; };
		005852DA239A727D00E5BE9B /* email-36.png in Resources */ = {isa = PBXBuildFile; fileRef = 005852D9239A727D00E5BE9B /* email-36.png */; };
		005852DC239A728600E5BE9B /* email-48.png in Resources */ = {isa = PBXBuildFile; fileRef = 005852DB239A728600E5BE9B /* email-48.png */; };
		005852DE239A729200E5BE9B /* email-96.png in Resources */ = {isa = PBXBuildFile; fileRef = 005852DD239A729100E5BE9B /* email-96.png */; };
		005852E3239A72DC00E5BE9B /* password-96.png in Resources */ = {isa = PBXBuildFile; fileRef = 005852DF239A72DB00E5BE9B /* password-96.png */; };
		005852E4239A72DC00E5BE9B /* password-48.png in Resources */ = {isa = PBXBuildFile; fileRef = 005852E0239A72DB00E5BE9B /* password-48.png */; };
		005852E5239A72DC00E5BE9B /* password-72.png in Resources */ = {isa = PBXBuildFile; fileRef = 005852E1239A72DC00E5BE9B /* password-72.png */; };
		005852E6239A72DC00E5BE9B /* password-36.png in Resources */ = {isa = PBXBuildFile; fileRef = 005852E2239A72DC00E5BE9B /* password-36.png */; };
		005852E8239A72FF00E5BE9B /* email-72.png in Resources */ = {isa = PBXBuildFile; fileRef = 005852E7239A72FF00E5BE9B /* email-72.png */; };
		005852EE239A734900E5BE9B /* logo-450-126.png in Resources */ = {isa = PBXBuildFile; fileRef = 005852EA239A734800E5BE9B /* logo-450-126.png */; };
		005852EF239A734900E5BE9B /* logo-720-200.png in Resources */ = {isa = PBXBuildFile; fileRef = 005852EB239A734800E5BE9B /* logo-720-200.png */; };
		005852F0239A734900E5BE9B /* logo-900-250.png in Resources */ = {isa = PBXBuildFile; fileRef = 005852EC239A734800E5BE9B /* logo-900-250.png */; };
		005852F1239A734900E5BE9B /* logo-1080-300.png in Resources */ = {isa = PBXBuildFile; fileRef = 005852ED239A734900E5BE9B /* logo-1080-300.png */; };
		005852FE239A73D600E5BE9B /* user-72.png in Resources */ = {isa = PBXBuildFile; fileRef = 005852F2239A73D500E5BE9B /* user-72.png */; };
		005852FF239A73D600E5BE9B /* book-36.png in Resources */ = {isa = PBXBuildFile; fileRef = 005852F3239A73D500E5BE9B /* book-36.png */; };
		00585300239A73D600E5BE9B /* book-96.png in Resources */ = {isa = PBXBuildFile; fileRef = 005852F4239A73D500E5BE9B /* book-96.png */; };
		00585301239A73D600E5BE9B /* gender-36.png in Resources */ = {isa = PBXBuildFile; fileRef = 005852F5239A73D500E5BE9B /* gender-36.png */; };
		00585302239A73D600E5BE9B /* gender-72.png in Resources */ = {isa = PBXBuildFile; fileRef = 005852F6239A73D500E5BE9B /* gender-72.png */; };
		00585303239A73D600E5BE9B /* user-48.png in Resources */ = {isa = PBXBuildFile; fileRef = 005852F7239A73D500E5BE9B /* user-48.png */; };
		00585304239A73D600E5BE9B /* gender-48.png in Resources */ = {isa = PBXBuildFile; fileRef = 005852F8239A73D500E5BE9B /* gender-48.png */; };
		00585305239A73D600E5BE9B /* gender-96.png in Resources */ = {isa = PBXBuildFile; fileRef = 005852F9239A73D500E5BE9B /* gender-96.png */; };
		00585306239A73D600E5BE9B /* book-72.png in Resources */ = {isa = PBXBuildFile; fileRef = 005852FA239A73D600E5BE9B /* book-72.png */; };
		00585307239A73D600E5BE9B /* book-48.png in Resources */ = {isa = PBXBuildFile; fileRef = 005852FB239A73D600E5BE9B /* book-48.png */; };
		00585308239A73D600E5BE9B /* user-36.png in Resources */ = {isa = PBXBuildFile; fileRef = 005852FC239A73D600E5BE9B /* user-36.png */; };
		00585309239A73D600E5BE9B /* user-96.png in Resources */ = {isa = PBXBuildFile; fileRef = 005852FD239A73D600E5BE9B /* user-96.png */; };
		0058530F239A76E400E5BE9B /* loginViewController.swift in Sources */ = {isa = PBXBuildFile; fileRef = 0058530E239A76E400E5BE9B /* loginViewController.swift */; };
		00585311239A770600E5BE9B /* registerViewController.swift in Sources */ = {isa = PBXBuildFile; fileRef = 00585310239A770600E5BE9B /* registerViewController.swift */; };
		00D44D87239F71AC009B94C1 /* bookmark.png in Resources */ = {isa = PBXBuildFile; fileRef = 00D44D82239F71AC009B94C1 /* bookmark.png */; };
		00D44D88239F71AC009B94C1 /* search.png in Resources */ = {isa = PBXBuildFile; fileRef = 00D44D83239F71AC009B94C1 /* search.png */; };
		00D44D89239F71AC009B94C1 /* home.png in Resources */ = {isa = PBXBuildFile; fileRef = 00D44D84239F71AC009B94C1 /* home.png */; };
		00D44D8A239F71AC009B94C1 /* notepad.png in Resources */ = {isa = PBXBuildFile; fileRef = 00D44D85239F71AC009B94C1 /* notepad.png */; };
		00D44D8B239F71AC009B94C1 /* user.png in Resources */ = {isa = PBXBuildFile; fileRef = 00D44D86239F71AC009B94C1 /* user.png */; };
		00D44D8D239F725A009B94C1 /* user1.png in Resources */ = {isa = PBXBuildFile; fileRef = 00D44D8C239F7259009B94C1 /* user1.png */; };
		00D44D8F239F7287009B94C1 /* notepad1.png in Resources */ = {isa = PBXBuildFile; fileRef = 00D44D8E239F7287009B94C1 /* notepad1.png */; };
		00D44D91239F7342009B94C1 /* bookmark1.png in Resources */ = {isa = PBXBuildFile; fileRef = 00D44D90239F7342009B94C1 /* bookmark1.png */; };
		00D44D93239F7348009B94C1 /* search1.png in Resources */ = {isa = PBXBuildFile; fileRef = 00D44D92239F7348009B94C1 /* search1.png */; };
		00D44D97239F8492009B94C1 /* TabBarViewController.swift in Sources */ = {isa = PBXBuildFile; fileRef = 00D44D96239F8492009B94C1 /* TabBarViewController.swift */; };
		00D44D99239F99E9009B94C1 /* ActiveViewController.swift in Sources */ = {isa = PBXBuildFile; fileRef = 00D44D98239F99E9009B94C1 /* ActiveViewController.swift */; };
		00D44D9B239FA40C009B94C1 /* placeholder_user.png in Resources */ = {isa = PBXBuildFile; fileRef = 00D44D9A239FA40B009B94C1 /* placeholder_user.png */; };
		00D44D9D239FA452009B94C1 /* camera.png in Resources */ = {isa = PBXBuildFile; fileRef = 00D44D9C239FA451009B94C1 /* camera.png */; };
		00D44D9F239FA6D7009B94C1 /* UserProfileViewController.swift in Sources */ = {isa = PBXBuildFile; fileRef = 00D44D9E239FA6D7009B94C1 /* UserProfileViewController.swift */; };
		00F1477B239FB0EA00D6075B /* userinfo.png in Resources */ = {isa = PBXBuildFile; fileRef = 00F1477A239FB0EA00D6075B /* userinfo.png */; };
		00F1477D239FB12B00D6075B /* rightarrow.png in Resources */ = {isa = PBXBuildFile; fileRef = 00F1477C239FB12B00D6075B /* rightarrow.png */; };
		00F14780239FBC6D00D6075B /* companyinfo.png in Resources */ = {isa = PBXBuildFile; fileRef = 00F1477F239FBC6D00D6075B /* companyinfo.png */; };
		00F14782239FBC9000D6075B /* chat_icon.png in Resources */ = {isa = PBXBuildFile; fileRef = 00F14781239FBC9000D6075B /* chat_icon.png */; };
		00F14785239FBCD600D6075B /* dict.png in Resources */ = {isa = PBXBuildFile; fileRef = 00F14784239FBCD600D6075B /* dict.png */; };
		00F14787239FBCFD00D6075B /* logout.png in Resources */ = {isa = PBXBuildFile; fileRef = 00F14786239FBCFD00D6075B /* logout.png */; };
		00F14789239FBD1200D6075B /* addbook.png in Resources */ = {isa = PBXBuildFile; fileRef = 00F14788239FBD1200D6075B /* addbook.png */; };
		00F3B7F2239E12DD0048FE80 /* HomeViewController.swift in Sources */ = {isa = PBXBuildFile; fileRef = 00F3B7F1239E12DD0048FE80 /* HomeViewController.swift */; };
		00FCDF41239E483B001CBE60 /* ServiceManager.swift in Sources */ = {isa = PBXBuildFile; fileRef = 00FCDF40239E483B001CBE60 /* ServiceManager.swift */; };
		00FCDF48239E55AB001CBE60 /* AJAlertController.swift in Sources */ = {isa = PBXBuildFile; fileRef = 00FCDF47239E55AB001CBE60 /* AJAlertController.swift */; };
		00FCDF54239E584D001CBE60 /* File.swift in Sources */ = {isa = PBXBuildFile; fileRef = 00FCDF53239E584D001CBE60 /* File.swift */; };
		00FCDF57239E6B20001CBE60 /* Bolts.framework in Frameworks */ = {isa = PBXBuildFile; fileRef = 00FCDF56239E6B20001CBE60 /* Bolts.framework */; };
		00FCDF59239E6B3E001CBE60 /* FBSDKCoreKit.framework in Frameworks */ = {isa = PBXBuildFile; fileRef = 00FCDF58239E6B3E001CBE60 /* FBSDKCoreKit.framework */; };
		00FCDF5B239E6B58001CBE60 /* FBSDKLoginKit.framework in Frameworks */ = {isa = PBXBuildFile; fileRef = 00FCDF5A239E6B58001CBE60 /* FBSDKLoginKit.framework */; };
/* End PBXBuildFile section */

/* Begin PBXContainerItemProxy section */
		005852AC239A710A00E5BE9B /* PBXContainerItemProxy */ = {
			isa = PBXContainerItemProxy;
			containerPortal = 0058528F239A710900E5BE9B /* Project object */;
			proxyType = 1;
			remoteGlobalIDString = 00585296239A710900E5BE9B;
			remoteInfo = UeBook;
		};
		005852B7239A710A00E5BE9B /* PBXContainerItemProxy */ = {
			isa = PBXContainerItemProxy;
			containerPortal = 0058528F239A710900E5BE9B /* Project object */;
			proxyType = 1;
			remoteGlobalIDString = 00585296239A710900E5BE9B;
			remoteInfo = UeBook;
		};
/* End PBXContainerItemProxy section */

/* Begin PBXFileReference section */
		00095DC123A0B0FA00EBBEE4 /* NotpadViewController.swift */ = {isa = PBXFileReference; lastKnownFileType = sourcecode.swift; path = NotpadViewController.swift; sourceTree = "<group>"; };
		00095DC723A0C03400EBBEE4 /* Contact.swift */ = {isa = PBXFileReference; fileEncoding = 4; lastKnownFileType = sourcecode.swift; name = Contact.swift; path = "../../../../ios-uitableview-programmatically-in-swift-master/contactsapp/contactsapp/Contact.swift"; sourceTree = "<group>"; };
		00095DC923A0C03B00EBBEE4 /* ContactAPI.swift */ = {isa = PBXFileReference; fileEncoding = 4; lastKnownFileType = sourcecode.swift; name = ContactAPI.swift; path = "../../../../ios-uitableview-programmatically-in-swift-master/contactsapp/contactsapp/ContactAPI.swift"; sourceTree = "<group>"; };
		00095DCB23A0CF5700EBBEE4 /* EditUserViewController.swift */ = {isa = PBXFileReference; lastKnownFileType = sourcecode.swift; path = EditUserViewController.swift; sourceTree = "<group>"; };
		00095DCD23A0F72700EBBEE4 /* ic_arrow_back.png */ = {isa = PBXFileReference; lastKnownFileType = image.png; name = ic_arrow_back.png; path = "../../../Docmention/Icons/New folder (2)/drawable-hdpi/ic_arrow_back.png"; sourceTree = "<group>"; };
		00095DCF23A0F74100EBBEE4 /* ic_error_white.png */ = {isa = PBXFileReference; lastKnownFileType = image.png; name = ic_error_white.png; path = "../../../Docmention/Icons/New folder (2)/drawable-hdpi/ic_error_white.png"; sourceTree = "<group>"; };
		00095DD123A10E2700EBBEE4 /* audio.png */ = {isa = PBXFileReference; lastKnownFileType = image.png; name = audio.png; path = "../../../Docmention/Icons/New folder (2)/drawable-hdpi/audio.png"; sourceTree = "<group>"; };
		00095DD323A10E4000EBBEE4 /* video.png */ = {isa = PBXFileReference; lastKnownFileType = image.png; name = video.png; path = "../../../../Docmention/Icons/New folder (2)/drawable-hdpi/video.png"; sourceTree = "<group>"; };
		00095DD523A10E4300EBBEE4 /* video.png */ = {isa = PBXFileReference; lastKnownFileType = image.png; path = video.png; sourceTree = "<group>"; };
		00095DD623A10E6500EBBEE4 /* document.png */ = {isa = PBXFileReference; lastKnownFileType = image.png; name = document.png; path = "../../../Docmention/Icons/New folder (2)/drawable-hdpi/document.png"; sourceTree = "<group>"; };
		00095DD823A1145400EBBEE4 /* uploadBookViewController.swift */ = {isa = PBXFileReference; lastKnownFileType = sourcecode.swift; path = uploadBookViewController.swift; sourceTree = "<group>"; };
		000FCED423A754D2008B323F /* ShareUsViewController.swift */ = {isa = PBXFileReference; lastKnownFileType = sourcecode.swift; path = ShareUsViewController.swift; sourceTree = "<group>"; };
		000FCED623A7575E008B323F /* share.png */ = {isa = PBXFileReference; lastKnownFileType = image.png; name = share.png; path = "../../../Docmention/Icons/New folder (2)/drawable-hdpi/share.png"; sourceTree = "<group>"; };
		000FCED823A7576A008B323F /* helpcenter.png */ = {isa = PBXFileReference; lastKnownFileType = image.png; name = helpcenter.png; path = "../../../Docmention/Icons/New folder (2)/drawable-hdpi/helpcenter.png"; sourceTree = "<group>"; };
		000FCEDA23A75775008B323F /* about.png */ = {isa = PBXFileReference; lastKnownFileType = image.png; name = about.png; path = "../../../Docmention/Icons/New folder (2)/drawable-hdpi/about.png"; sourceTree = "<group>"; };
		000FCEDC23A7578E008B323F /* contactus.png */ = {isa = PBXFileReference; lastKnownFileType = image.png; name = contactus.png; path = "../../../Docmention/Icons/New folder (2)/drawable-hdpi/contactus.png"; sourceTree = "<group>"; };
		000FCEDE23A757CC008B323F /* languges.png */ = {isa = PBXFileReference; lastKnownFileType = image.png; name = languges.png; path = "../../../Docmention/Icons/New folder (2)/drawable-hdpi/languges.png"; sourceTree = "<group>"; };
		000FCEE023A75E12008B323F /* CompanyInfoViewController.swift */ = {isa = PBXFileReference; lastKnownFileType = sourcecode.swift; path = CompanyInfoViewController.swift; sourceTree = "<group>"; };
		000FCEE223A764E0008B323F /* help.png */ = {isa = PBXFileReference; lastKnownFileType = image.png; name = help.png; path = "../../../Docmention/Icons/New folder (2)/drawable-xxhdpi/help.png"; sourceTree = "<group>"; };
		000FCEE423A7669B008B323F /* ic_error_white.png */ = {isa = PBXFileReference; lastKnownFileType = image.png; name = ic_error_white.png; path = "../../../Docmention/Icons/New folder (2)/drawable-xxhdpi/ic_error_white.png"; sourceTree = "<group>"; };
		000FCEE623A766B3008B323F /* imagebg.png */ = {isa = PBXFileReference; lastKnownFileType = image.png; name = imagebg.png; path = "../../../Docmention/Icons/New folder (2)/drawable-xxhdpi/imagebg.png"; sourceTree = "<group>"; };
		000FCEE823A766C5008B323F /* imagebg.png */ = {isa = PBXFileReference; lastKnownFileType = image.png; name = imagebg.png; path = "../../../Docmention/Icons/New folder (2)/drawable-xxhdpi/imagebg.png"; sourceTree = "<group>"; };
		000FCEEA23A768EE008B323F /* LeftArrow.png */ = {isa = PBXFileReference; lastKnownFileType = image.png; name = LeftArrow.png; path = ../../../../../../../Downloads/LeftArrow.png; sourceTree = "<group>"; };
		000FCEED23A76E8B008B323F /* HelpViewController.swift */ = {isa = PBXFileReference; lastKnownFileType = sourcecode.swift; path = HelpViewController.swift; sourceTree = "<group>"; };
		000FCEEF23A76EAD008B323F /* ContactUsViewController.swift */ = {isa = PBXFileReference; lastKnownFileType = sourcecode.swift; path = ContactUsViewController.swift; sourceTree = "<group>"; };
		000FCEF123A78E23008B323F /* AboutUsViewController.swift */ = {isa = PBXFileReference; lastKnownFileType = sourcecode.swift; path = AboutUsViewController.swift; sourceTree = "<group>"; };
		000FCEF323A7B5EC008B323F /* drop-down-arrow.png */ = {isa = PBXFileReference; lastKnownFileType = image.png; name = "drop-down-arrow.png"; path = "../../../Docmention/Icons/New folder (2)/drawable-hdpi/drop-down-arrow.png"; sourceTree = "<group>"; };
		0027244023A39B89005E523C /* Pods_UeBook.framework */ = {isa = PBXFileReference; explicitFileType = wrapper.framework; path = Pods_UeBook.framework; sourceTree = BUILT_PRODUCTS_DIR; };
		0027244223A39C80005E523C /* Pods_UeBook.framework */ = {isa = PBXFileReference; explicitFileType = wrapper.framework; path = Pods_UeBook.framework; sourceTree = BUILT_PRODUCTS_DIR; };
		0027244423A3A17D005E523C /* Pods_UeBook.framework */ = {isa = PBXFileReference; explicitFileType = wrapper.framework; path = Pods_UeBook.framework; sourceTree = BUILT_PRODUCTS_DIR; };
		0027244623A3A404005E523C /* Alamofire.framework */ = {isa = PBXFileReference; explicitFileType = wrapper.framework; path = Alamofire.framework; sourceTree = BUILT_PRODUCTS_DIR; };
		0027244823A3A40A005E523C /* Pods_UeBook.framework */ = {isa = PBXFileReference; explicitFileType = wrapper.framework; path = Pods_UeBook.framework; sourceTree = BUILT_PRODUCTS_DIR; };
		004F7CE3239BB5BA00BAB2DD /* AVFoundation.framework */ = {isa = PBXFileReference; lastKnownFileType = wrapper.framework; name = AVFoundation.framework; path = System/Library/Frameworks/AVFoundation.framework; sourceTree = SDKROOT; };
		004F7CED239BCDBA00BAB2DD /* register.jpg */ = {isa = PBXFileReference; lastKnownFileType = image.jpeg; name = register.jpg; path = "../../../Docmention/new screen/New folder (3)/register.jpg"; sourceTree = "<group>"; };
		004F7CEE239BCDBA00BAB2DD /* homescreen.jpg */ = {isa = PBXFileReference; lastKnownFileType = image.jpeg; name = homescreen.jpg; path = "../../../Docmention/new screen/New folder (3)/homescreen.jpg"; sourceTree = "<group>"; };
		004F7CEF239BCDBA00BAB2DD /* login.jpg */ = {isa = PBXFileReference; lastKnownFileType = image.jpeg; name = login.jpg; path = "../../../Docmention/new screen/New folder (3)/login.jpg"; sourceTree = "<group>"; };
		004F7CF0239BCDBA00BAB2DD /* spash-screen.jpg */ = {isa = PBXFileReference; lastKnownFileType = image.jpeg; name = "spash-screen.jpg"; path = "../../../Docmention/new screen/New folder (3)/spash-screen.jpg"; sourceTree = "<group>"; };
		004F7CF6239BD13200BAB2DD /* e-book-1080.png */ = {isa = PBXFileReference; lastKnownFileType = image.png; name = "e-book-1080.png"; path = "../../../../Docmention/new screen/LOGO/e-book-1080.png"; sourceTree = "<group>"; };
		004F7CF7239BD13200BAB2DD /* e-book-512.png */ = {isa = PBXFileReference; lastKnownFileType = image.png; name = "e-book-512.png"; path = "../../../../Docmention/new screen/LOGO/e-book-512.png"; sourceTree = "<group>"; };
		004F7CF8239BD13200BAB2DD /* e-book-ico-1080.png */ = {isa = PBXFileReference; lastKnownFileType = image.png; name = "e-book-ico-1080.png"; path = "../../../../Docmention/new screen/LOGO/e-book-ico-1080.png"; sourceTree = "<group>"; };
		004F7CF9239BD13200BAB2DD /* e-book-ico-512.png */ = {isa = PBXFileReference; lastKnownFileType = image.png; name = "e-book-ico-512.png"; path = "../../../../Docmention/new screen/LOGO/e-book-ico-512.png"; sourceTree = "<group>"; };
		00585297239A710900E5BE9B /* UeBook.app */ = {isa = PBXFileReference; explicitFileType = wrapper.application; includeInIndex = 0; path = UeBook.app; sourceTree = BUILT_PRODUCTS_DIR; };
		0058529A239A710A00E5BE9B /* AppDelegate.swift */ = {isa = PBXFileReference; lastKnownFileType = sourcecode.swift; path = AppDelegate.swift; sourceTree = "<group>"; };
		0058529C239A710A00E5BE9B /* ViewController.swift */ = {isa = PBXFileReference; lastKnownFileType = sourcecode.swift; path = ViewController.swift; sourceTree = "<group>"; };
		0058529F239A710A00E5BE9B /* Base */ = {isa = PBXFileReference; lastKnownFileType = file.storyboard; name = Base; path = Base.lproj/Main.storyboard; sourceTree = "<group>"; };
		005852A1239A710A00E5BE9B /* Assets.xcassets */ = {isa = PBXFileReference; lastKnownFileType = folder.assetcatalog; path = Assets.xcassets; sourceTree = "<group>"; };
		005852A4239A710A00E5BE9B /* Base */ = {isa = PBXFileReference; lastKnownFileType = file.storyboard; name = Base; path = Base.lproj/LaunchScreen.storyboard; sourceTree = "<group>"; };
		005852A6239A710A00E5BE9B /* Info.plist */ = {isa = PBXFileReference; lastKnownFileType = text.plist.xml; path = Info.plist; sourceTree = "<group>"; };
		005852AB239A710A00E5BE9B /* UeBookTests.xctest */ = {isa = PBXFileReference; explicitFileType = wrapper.cfbundle; includeInIndex = 0; path = UeBookTests.xctest; sourceTree = BUILT_PRODUCTS_DIR; };
		005852AF239A710A00E5BE9B /* UeBookTests.swift */ = {isa = PBXFileReference; lastKnownFileType = sourcecode.swift; path = UeBookTests.swift; sourceTree = "<group>"; };
		005852B1239A710A00E5BE9B /* Info.plist */ = {isa = PBXFileReference; lastKnownFileType = text.plist.xml; path = Info.plist; sourceTree = "<group>"; };
		005852B6239A710A00E5BE9B /* UeBookUITests.xctest */ = {isa = PBXFileReference; explicitFileType = wrapper.cfbundle; includeInIndex = 0; path = UeBookUITests.xctest; sourceTree = BUILT_PRODUCTS_DIR; };
		005852BA239A710A00E5BE9B /* UeBookUITests.swift */ = {isa = PBXFileReference; lastKnownFileType = sourcecode.swift; path = UeBookUITests.swift; sourceTree = "<group>"; };
		005852BC239A710A00E5BE9B /* Info.plist */ = {isa = PBXFileReference; lastKnownFileType = text.plist.xml; path = Info.plist; sourceTree = "<group>"; };
		005852CE239A71B900E5BE9B /* 1-spash-screen.png */ = {isa = PBXFileReference; lastKnownFileType = image.png; name = "1-spash-screen.png"; path = "../../../../Docmention/Screen/screens/1-spash-screen.png"; sourceTree = "<group>"; };
		005852D0239A71C300E5BE9B /* 3-login.png */ = {isa = PBXFileReference; lastKnownFileType = image.png; name = "3-login.png"; path = "../../../../Docmention/Screen/screens/3-login.png"; sourceTree = "<group>"; };
		005852D4239A71D500E5BE9B /* 2-register.png */ = {isa = PBXFileReference; lastKnownFileType = image.png; name = "2-register.png"; path = "../../../../Docmention/Screen/screens/2-register.png"; sourceTree = "<group>"; };
		005852D6239A71E100E5BE9B /* 4-homescreen.png */ = {isa = PBXFileReference; lastKnownFileType = image.png; path = "4-homescreen.png"; sourceTree = "<group>"; };
		005852D9239A727D00E5BE9B /* email-36.png */ = {isa = PBXFileReference; lastKnownFileType = image.png; name = "email-36.png"; path = "../../../../../Docmention/Icons/ebook-icons/email-36.png"; sourceTree = "<group>"; };
		005852DB239A728600E5BE9B /* email-48.png */ = {isa = PBXFileReference; lastKnownFileType = image.png; name = "email-48.png"; path = "../../../../../Docmention/Icons/ebook-icons/email-48.png"; sourceTree = "<group>"; };
		005852DD239A729100E5BE9B /* email-96.png */ = {isa = PBXFileReference; lastKnownFileType = image.png; name = "email-96.png"; path = "../../../../../Docmention/Icons/ebook-icons/email-96.png"; sourceTree = "<group>"; };
		005852DF239A72DB00E5BE9B /* password-96.png */ = {isa = PBXFileReference; lastKnownFileType = image.png; name = "password-96.png"; path = "../../../../../Docmention/Icons/ebook-icons/password-96.png"; sourceTree = "<group>"; };
		005852E0239A72DB00E5BE9B /* password-48.png */ = {isa = PBXFileReference; lastKnownFileType = image.png; name = "password-48.png"; path = "../../../../../Docmention/Icons/ebook-icons/password-48.png"; sourceTree = "<group>"; };
		005852E1239A72DC00E5BE9B /* password-72.png */ = {isa = PBXFileReference; lastKnownFileType = image.png; name = "password-72.png"; path = "../../../../../Docmention/Icons/ebook-icons/password-72.png"; sourceTree = "<group>"; };
		005852E2239A72DC00E5BE9B /* password-36.png */ = {isa = PBXFileReference; lastKnownFileType = image.png; name = "password-36.png"; path = "../../../../../Docmention/Icons/ebook-icons/password-36.png"; sourceTree = "<group>"; };
		005852E7239A72FF00E5BE9B /* email-72.png */ = {isa = PBXFileReference; lastKnownFileType = image.png; name = "email-72.png"; path = "../../../../../Docmention/Icons/ebook-icons/email-72.png"; sourceTree = "<group>"; };
		005852EA239A734800E5BE9B /* logo-450-126.png */ = {isa = PBXFileReference; lastKnownFileType = image.png; name = "logo-450-126.png"; path = "../../../../Docmention/Icons/ebook-icons/logo-450-126.png"; sourceTree = "<group>"; };
		005852EB239A734800E5BE9B /* logo-720-200.png */ = {isa = PBXFileReference; lastKnownFileType = image.png; name = "logo-720-200.png"; path = "../../../../Docmention/Icons/ebook-icons/logo-720-200.png"; sourceTree = "<group>"; };
		005852EC239A734800E5BE9B /* logo-900-250.png */ = {isa = PBXFileReference; lastKnownFileType = image.png; name = "logo-900-250.png"; path = "../../../../Docmention/Icons/ebook-icons/logo-900-250.png"; sourceTree = "<group>"; };
		005852ED239A734900E5BE9B /* logo-1080-300.png */ = {isa = PBXFileReference; lastKnownFileType = image.png; name = "logo-1080-300.png"; path = "../../../../Docmention/Icons/ebook-icons/logo-1080-300.png"; sourceTree = "<group>"; };
		005852F2239A73D500E5BE9B /* user-72.png */ = {isa = PBXFileReference; lastKnownFileType = image.png; name = "user-72.png"; path = "../../../../Docmention/Icons/ebook-icons/user-72.png"; sourceTree = "<group>"; };
		005852F3239A73D500E5BE9B /* book-36.png */ = {isa = PBXFileReference; lastKnownFileType = image.png; name = "book-36.png"; path = "../../../../Docmention/Icons/ebook-icons/book-36.png"; sourceTree = "<group>"; };
		005852F4239A73D500E5BE9B /* book-96.png */ = {isa = PBXFileReference; lastKnownFileType = image.png; name = "book-96.png"; path = "../../../../Docmention/Icons/ebook-icons/book-96.png"; sourceTree = "<group>"; };
		005852F5239A73D500E5BE9B /* gender-36.png */ = {isa = PBXFileReference; lastKnownFileType = image.png; name = "gender-36.png"; path = "../../../../Docmention/Icons/ebook-icons/gender-36.png"; sourceTree = "<group>"; };
		005852F6239A73D500E5BE9B /* gender-72.png */ = {isa = PBXFileReference; lastKnownFileType = image.png; name = "gender-72.png"; path = "../../../../Docmention/Icons/ebook-icons/gender-72.png"; sourceTree = "<group>"; };
		005852F7239A73D500E5BE9B /* user-48.png */ = {isa = PBXFileReference; lastKnownFileType = image.png; name = "user-48.png"; path = "../../../../Docmention/Icons/ebook-icons/user-48.png"; sourceTree = "<group>"; };
		005852F8239A73D500E5BE9B /* gender-48.png */ = {isa = PBXFileReference; lastKnownFileType = image.png; name = "gender-48.png"; path = "../../../../Docmention/Icons/ebook-icons/gender-48.png"; sourceTree = "<group>"; };
		005852F9239A73D500E5BE9B /* gender-96.png */ = {isa = PBXFileReference; lastKnownFileType = image.png; name = "gender-96.png"; path = "../../../../Docmention/Icons/ebook-icons/gender-96.png"; sourceTree = "<group>"; };
		005852FA239A73D600E5BE9B /* book-72.png */ = {isa = PBXFileReference; lastKnownFileType = image.png; name = "book-72.png"; path = "../../../../Docmention/Icons/ebook-icons/book-72.png"; sourceTree = "<group>"; };
		005852FB239A73D600E5BE9B /* book-48.png */ = {isa = PBXFileReference; lastKnownFileType = image.png; name = "book-48.png"; path = "../../../../Docmention/Icons/ebook-icons/book-48.png"; sourceTree = "<group>"; };
		005852FC239A73D600E5BE9B /* user-36.png */ = {isa = PBXFileReference; lastKnownFileType = image.png; name = "user-36.png"; path = "../../../../Docmention/Icons/ebook-icons/user-36.png"; sourceTree = "<group>"; };
		005852FD239A73D600E5BE9B /* user-96.png */ = {isa = PBXFileReference; lastKnownFileType = image.png; name = "user-96.png"; path = "../../../../Docmention/Icons/ebook-icons/user-96.png"; sourceTree = "<group>"; };
		0058530E239A76E400E5BE9B /* loginViewController.swift */ = {isa = PBXFileReference; lastKnownFileType = sourcecode.swift; path = loginViewController.swift; sourceTree = "<group>"; };
		00585310239A770600E5BE9B /* registerViewController.swift */ = {isa = PBXFileReference; lastKnownFileType = sourcecode.swift; path = registerViewController.swift; sourceTree = "<group>"; };
		00D44D82239F71AC009B94C1 /* bookmark.png */ = {isa = PBXFileReference; lastKnownFileType = image.png; name = bookmark.png; path = "../../../../../Docmention/Icons/Home Screen icon/bookmark.png"; sourceTree = "<group>"; };
		00D44D83239F71AC009B94C1 /* search.png */ = {isa = PBXFileReference; lastKnownFileType = image.png; name = search.png; path = "../../../../../Docmention/Icons/Home Screen icon/search.png"; sourceTree = "<group>"; };
		00D44D84239F71AC009B94C1 /* home.png */ = {isa = PBXFileReference; lastKnownFileType = image.png; name = home.png; path = "../../../../../Docmention/Icons/Home Screen icon/home.png"; sourceTree = "<group>"; };
		00D44D85239F71AC009B94C1 /* notepad.png */ = {isa = PBXFileReference; lastKnownFileType = image.png; name = notepad.png; path = "../../../../../Docmention/Icons/Home Screen icon/notepad.png"; sourceTree = "<group>"; };
		00D44D86239F71AC009B94C1 /* user.png */ = {isa = PBXFileReference; lastKnownFileType = image.png; name = user.png; path = "../../../../../Docmention/Icons/Home Screen icon/user.png"; sourceTree = "<group>"; };
		00D44D8C239F7259009B94C1 /* user1.png */ = {isa = PBXFileReference; lastKnownFileType = image.png; name = user1.png; path = "../../../../../Docmention/Icons/Home Screen icon/user1.png"; sourceTree = "<group>"; };
		00D44D8E239F7287009B94C1 /* notepad1.png */ = {isa = PBXFileReference; lastKnownFileType = image.png; name = notepad1.png; path = "../../../../../Docmention/Icons/Home Screen icon/notepad1.png"; sourceTree = "<group>"; };
		00D44D90239F7342009B94C1 /* bookmark1.png */ = {isa = PBXFileReference; lastKnownFileType = image.png; name = bookmark1.png; path = "../../../../../Docmention/Icons/Home Screen icon/bookmark1.png"; sourceTree = "<group>"; };
		00D44D92239F7348009B94C1 /* search1.png */ = {isa = PBXFileReference; lastKnownFileType = image.png; name = search1.png; path = "../../../../../Docmention/Icons/Home Screen icon/search1.png"; sourceTree = "<group>"; };
		00D44D96239F8492009B94C1 /* TabBarViewController.swift */ = {isa = PBXFileReference; lastKnownFileType = sourcecode.swift; path = TabBarViewController.swift; sourceTree = "<group>"; };
		00D44D98239F99E9009B94C1 /* ActiveViewController.swift */ = {isa = PBXFileReference; lastKnownFileType = sourcecode.swift; path = ActiveViewController.swift; sourceTree = "<group>"; };
		00D44D9A239FA40B009B94C1 /* placeholder_user.png */ = {isa = PBXFileReference; lastKnownFileType = image.png; name = placeholder_user.png; path = "../../../../../Docmention/Icons/New folder (2)/drawable-xhdpi/placeholder_user.png"; sourceTree = "<group>"; };
		00D44D9C239FA451009B94C1 /* camera.png */ = {isa = PBXFileReference; lastKnownFileType = image.png; name = camera.png; path = "../../../../../Docmention/Icons/New folder (2)/drawable-xhdpi/camera.png"; sourceTree = "<group>"; };
		00D44D9E239FA6D7009B94C1 /* UserProfileViewController.swift */ = {isa = PBXFileReference; lastKnownFileType = sourcecode.swift; path = UserProfileViewController.swift; sourceTree = "<group>"; };
		00F1477A239FB0EA00D6075B /* userinfo.png */ = {isa = PBXFileReference; lastKnownFileType = image.png; name = userinfo.png; path = "../../../../../Docmention/Icons/New folder (2)/drawable-hdpi/userinfo.png"; sourceTree = "<group>"; };
		00F1477C239FB12B00D6075B /* rightarrow.png */ = {isa = PBXFileReference; lastKnownFileType = image.png; name = rightarrow.png; path = "../../../../../Docmention/Icons/New folder (2)/drawable-hdpi/rightarrow.png"; sourceTree = "<group>"; };
		00F1477F239FBC6D00D6075B /* companyinfo.png */ = {isa = PBXFileReference; lastKnownFileType = image.png; name = companyinfo.png; path = "../../../../Docmention/Icons/New folder (2)/drawable-hdpi/companyinfo.png"; sourceTree = "<group>"; };
		00F14781239FBC9000D6075B /* chat_icon.png */ = {isa = PBXFileReference; lastKnownFileType = image.png; name = chat_icon.png; path = "../../../../Docmention/Icons/New folder (2)/drawable-hdpi/chat_icon.png"; sourceTree = "<group>"; };
		00F14783239FBCB100D6075B /* chat_icon.png */ = {isa = PBXFileReference; lastKnownFileType = image.png; path = chat_icon.png; sourceTree = "<group>"; };
		00F14784239FBCD600D6075B /* dict.png */ = {isa = PBXFileReference; lastKnownFileType = image.png; name = dict.png; path = "../../../../Docmention/Icons/New folder (2)/drawable-hdpi/dict.png"; sourceTree = "<group>"; };
		00F14786239FBCFD00D6075B /* logout.png */ = {isa = PBXFileReference; lastKnownFileType = image.png; name = logout.png; path = "../../../../Docmention/Icons/New folder (2)/drawable-hdpi/logout.png"; sourceTree = "<group>"; };
		00F14788239FBD1200D6075B /* addbook.png */ = {isa = PBXFileReference; lastKnownFileType = image.png; name = addbook.png; path = "../../../../Docmention/Icons/New folder (2)/drawable-hdpi/addbook.png"; sourceTree = "<group>"; };
		00F3B7F1239E12DD0048FE80 /* HomeViewController.swift */ = {isa = PBXFileReference; lastKnownFileType = sourcecode.swift; path = HomeViewController.swift; sourceTree = "<group>"; };
		00FCDF3E239E367A001CBE60 /* Pods_UeBook.framework */ = {isa = PBXFileReference; explicitFileType = wrapper.framework; path = Pods_UeBook.framework; sourceTree = BUILT_PRODUCTS_DIR; };
		00FCDF40239E483B001CBE60 /* ServiceManager.swift */ = {isa = PBXFileReference; lastKnownFileType = sourcecode.swift; path = ServiceManager.swift; sourceTree = "<group>"; };
		00FCDF47239E55AB001CBE60 /* AJAlertController.swift */ = {isa = PBXFileReference; lastKnownFileType = sourcecode.swift; path = AJAlertController.swift; sourceTree = "<group>"; };
		00FCDF53239E584D001CBE60 /* File.swift */ = {isa = PBXFileReference; lastKnownFileType = sourcecode.swift; path = File.swift; sourceTree = "<group>"; };
		00FCDF56239E6B20001CBE60 /* Bolts.framework */ = {isa = PBXFileReference; lastKnownFileType = wrapper.framework; path = Bolts.framework; sourceTree = "<group>"; };
		00FCDF58239E6B3E001CBE60 /* FBSDKCoreKit.framework */ = {isa = PBXFileReference; lastKnownFileType = wrapper.framework; path = FBSDKCoreKit.framework; sourceTree = "<group>"; };
		00FCDF5A239E6B58001CBE60 /* FBSDKLoginKit.framework */ = {isa = PBXFileReference; lastKnownFileType = wrapper.framework; path = FBSDKLoginKit.framework; sourceTree = "<group>"; };
		52DA483C50097836CDAF8AAF /* Pods-UeBook.release.xcconfig */ = {isa = PBXFileReference; includeInIndex = 1; lastKnownFileType = text.xcconfig; name = "Pods-UeBook.release.xcconfig"; path = "Target Support Files/Pods-UeBook/Pods-UeBook.release.xcconfig"; sourceTree = "<group>"; };
		8A14E21DF2FD5ED835384B08 /* Pods-UeBook.debug.xcconfig */ = {isa = PBXFileReference; includeInIndex = 1; lastKnownFileType = text.xcconfig; name = "Pods-UeBook.debug.xcconfig"; path = "Target Support Files/Pods-UeBook/Pods-UeBook.debug.xcconfig"; sourceTree = "<group>"; };
		EBC047D05F97969BCB29F16E /* Pods_UeBook.framework */ = {isa = PBXFileReference; explicitFileType = wrapper.framework; includeInIndex = 0; path = Pods_UeBook.framework; sourceTree = BUILT_PRODUCTS_DIR; };
/* End PBXFileReference section */

/* Begin PBXFrameworksBuildPhase section */
		00585294239A710900E5BE9B /* Frameworks */ = {
			isa = PBXFrameworksBuildPhase;
			buildActionMask = 2147483647;
			files = (
				0027244923A3A40A005E523C /* Pods_UeBook.framework in Frameworks */,
				00FCDF57239E6B20001CBE60 /* Bolts.framework in Frameworks */,
				00FCDF59239E6B3E001CBE60 /* FBSDKCoreKit.framework in Frameworks */,
				00FCDF5B239E6B58001CBE60 /* FBSDKLoginKit.framework in Frameworks */,
			);
			runOnlyForDeploymentPostprocessing = 0;
		};
		005852A8239A710A00E5BE9B /* Frameworks */ = {
			isa = PBXFrameworksBuildPhase;
			buildActionMask = 2147483647;
			files = (
			);
			runOnlyForDeploymentPostprocessing = 0;
		};
		005852B3239A710A00E5BE9B /* Frameworks */ = {
			isa = PBXFrameworksBuildPhase;
			buildActionMask = 2147483647;
			files = (
			);
			runOnlyForDeploymentPostprocessing = 0;
		};
/* End PBXFrameworksBuildPhase section */

/* Begin PBXGroup section */
		000FCEEC23A76D8E008B323F /* HelpCenterScreen */ = {
			isa = PBXGroup;
			children = (
				000FCEED23A76E8B008B323F /* HelpViewController.swift */,
				000FCEEF23A76EAD008B323F /* ContactUsViewController.swift */,
			);
			path = HelpCenterScreen;
			sourceTree = "<group>";
		};
		004F7CE2239BB5BA00BAB2DD /* Frameworks */ = {
			isa = PBXGroup;
			children = (
				0027244823A3A40A005E523C /* Pods_UeBook.framework */,
				0027244623A3A404005E523C /* Alamofire.framework */,
				0027244423A3A17D005E523C /* Pods_UeBook.framework */,
				0027244223A39C80005E523C /* Pods_UeBook.framework */,
				0027244023A39B89005E523C /* Pods_UeBook.framework */,
				00FCDF3E239E367A001CBE60 /* Pods_UeBook.framework */,
				004F7CE3239BB5BA00BAB2DD /* AVFoundation.framework */,
				EBC047D05F97969BCB29F16E /* Pods_UeBook.framework */,
			);
			name = Frameworks;
			sourceTree = "<group>";
		};
		004F7CF5239BD11A00BAB2DD /* LOGO */ = {
			isa = PBXGroup;
			children = (
				00F14781239FBC9000D6075B /* chat_icon.png */,
				004F7CF7239BD13200BAB2DD /* e-book-512.png */,
				004F7CF6239BD13200BAB2DD /* e-book-1080.png */,
				004F7CF9239BD13200BAB2DD /* e-book-ico-512.png */,
				004F7CF8239BD13200BAB2DD /* e-book-ico-1080.png */,
			);
			name = LOGO;
			path = "New Group";
			sourceTree = "<group>";
		};
		0058528E239A710900E5BE9B = {
			isa = PBXGroup;
			children = (
				00585299239A710900E5BE9B /* UeBook */,
				005852AE239A710A00E5BE9B /* UeBookTests */,
				005852B9239A710A00E5BE9B /* UeBookUITests */,
				00585298239A710900E5BE9B /* Products */,
				004F7CE2239BB5BA00BAB2DD /* Frameworks */,
				AF8C58FB62989471861305C1 /* Pods */,
			);
			sourceTree = "<group>";
		};
		00585298239A710900E5BE9B /* Products */ = {
			isa = PBXGroup;
			children = (
				00585297239A710900E5BE9B /* UeBook.app */,
				005852AB239A710A00E5BE9B /* UeBookTests.xctest */,
				005852B6239A710A00E5BE9B /* UeBookUITests.xctest */,
			);
			name = Products;
			sourceTree = "<group>";
		};
		00585299239A710900E5BE9B /* UeBook */ = {
			isa = PBXGroup;
			children = (
				00095DC723A0C03400EBBEE4 /* Contact.swift */,
				00095DC923A0C03B00EBBEE4 /* ContactAPI.swift */,
				00FCDF55239E6ABC001CBE60 /* Frameworks */,
				0058530B239A764400E5BE9B /* Comman */,
				005852C9239A713000E5BE9B /* Images */,
				005852C8239A712200E5BE9B /* ViewController */,
				005852A6239A710A00E5BE9B /* Info.plist */,
				005852A1239A710A00E5BE9B /* Assets.xcassets */,
				0058529E239A710A00E5BE9B /* Main.storyboard */,
			);
			path = UeBook;
			sourceTree = "<group>";
		};
		005852AE239A710A00E5BE9B /* UeBookTests */ = {
			isa = PBXGroup;
			children = (
				005852AF239A710A00E5BE9B /* UeBookTests.swift */,
				005852B1239A710A00E5BE9B /* Info.plist */,
			);
			path = UeBookTests;
			sourceTree = "<group>";
		};
		005852B9239A710A00E5BE9B /* UeBookUITests */ = {
			isa = PBXGroup;
			children = (
				005852BA239A710A00E5BE9B /* UeBookUITests.swift */,
				005852BC239A710A00E5BE9B /* Info.plist */,
			);
			path = UeBookUITests;
			sourceTree = "<group>";
		};
		005852C8239A712200E5BE9B /* ViewController */ = {
			isa = PBXGroup;
			children = (
				000FCEEC23A76D8E008B323F /* HelpCenterScreen */,
				0058529C239A710A00E5BE9B /* ViewController.swift */,
				0058530E239A76E400E5BE9B /* loginViewController.swift */,
				00585310239A770600E5BE9B /* registerViewController.swift */,
				00F3B7F1239E12DD0048FE80 /* HomeViewController.swift */,
				00D44D96239F8492009B94C1 /* TabBarViewController.swift */,
				00D44D98239F99E9009B94C1 /* ActiveViewController.swift */,
				00D44D9E239FA6D7009B94C1 /* UserProfileViewController.swift */,
				00095DC123A0B0FA00EBBEE4 /* NotpadViewController.swift */,
				00095DCB23A0CF5700EBBEE4 /* EditUserViewController.swift */,
				000FCEE023A75E12008B323F /* CompanyInfoViewController.swift */,
				00095DD823A1145400EBBEE4 /* uploadBookViewController.swift */,
				000FCED423A754D2008B323F /* ShareUsViewController.swift */,
				000FCEF123A78E23008B323F /* AboutUsViewController.swift */,
			);
			path = ViewController;
			sourceTree = "<group>";
		};
		005852C9239A713000E5BE9B /* Images */ = {
			isa = PBXGroup;
			children = (
				000FCEDE23A757CC008B323F /* languges.png */,
				000FCEEA23A768EE008B323F /* LeftArrow.png */,
				000FCEF323A7B5EC008B323F /* drop-down-arrow.png */,
				000FCEE823A766C5008B323F /* imagebg.png */,
				000FCEDA23A75775008B323F /* about.png */,
				000FCEDC23A7578E008B323F /* contactus.png */,
				000FCED623A7575E008B323F /* share.png */,
				000FCED823A7576A008B323F /* helpcenter.png */,
				00095DCD23A0F72700EBBEE4 /* ic_arrow_back.png */,
				00095DD623A10E6500EBBEE4 /* document.png */,
				00095DD123A10E2700EBBEE4 /* audio.png */,
				00095DD523A10E4300EBBEE4 /* video.png */,
				00095DCF23A0F74100EBBEE4 /* ic_error_white.png */,
				00F1477E239FBC2500D6075B /* UserProfile */,
				004F7CF5239BD11A00BAB2DD /* LOGO */,
				004F7CEE239BCDBA00BAB2DD /* homescreen.jpg */,
				004F7CEF239BCDBA00BAB2DD /* login.jpg */,
				000FCEE223A764E0008B323F /* help.png */,
				000FCEE423A7669B008B323F /* ic_error_white.png */,
				004F7CED239BCDBA00BAB2DD /* register.jpg */,
				000FCEE623A766B3008B323F /* imagebg.png */,
				004F7CF0239BCDBA00BAB2DD /* spash-screen.jpg */,
				005852E9239A731800E5BE9B /* Logo */,
				005852CC239A718E00E5BE9B /* Launch */,
				005852CA239A713E00E5BE9B /* Login */,
				005852CB239A718200E5BE9B /* Register */,
				005852CD239A719900E5BE9B /* Home */,
			);
			path = Images;
			sourceTree = "<group>";
		};
		005852CA239A713E00E5BE9B /* Login */ = {
			isa = PBXGroup;
			children = (
				005852D8239A725800E5BE9B /* Icon */,
				005852D0239A71C300E5BE9B /* 3-login.png */,
			);
			path = Login;
			sourceTree = "<group>";
		};
		005852CB239A718200E5BE9B /* Register */ = {
			isa = PBXGroup;
			children = (
				005852D4239A71D500E5BE9B /* 2-register.png */,
				005852F3239A73D500E5BE9B /* book-36.png */,
				005852FB239A73D600E5BE9B /* book-48.png */,
				005852FA239A73D600E5BE9B /* book-72.png */,
				005852F4239A73D500E5BE9B /* book-96.png */,
				005852F5239A73D500E5BE9B /* gender-36.png */,
				005852F8239A73D500E5BE9B /* gender-48.png */,
				005852F6239A73D500E5BE9B /* gender-72.png */,
				005852F9239A73D500E5BE9B /* gender-96.png */,
				005852FC239A73D600E5BE9B /* user-36.png */,
				005852F7239A73D500E5BE9B /* user-48.png */,
				005852F2239A73D500E5BE9B /* user-72.png */,
				005852FD239A73D600E5BE9B /* user-96.png */,
			);
			path = Register;
			sourceTree = "<group>";
		};
		005852CC239A718E00E5BE9B /* Launch */ = {
			isa = PBXGroup;
			children = (
				005852CE239A71B900E5BE9B /* 1-spash-screen.png */,
			);
			path = Launch;
			sourceTree = "<group>";
		};
		005852CD239A719900E5BE9B /* Home */ = {
			isa = PBXGroup;
			children = (
				00D44D81239F7190009B94C1 /* Icon */,
				005852D6239A71E100E5BE9B /* 4-homescreen.png */,
			);
			path = Home;
			sourceTree = "<group>";
		};
		005852D8239A725800E5BE9B /* Icon */ = {
			isa = PBXGroup;
			children = (
				005852D9239A727D00E5BE9B /* email-36.png */,
				005852E7239A72FF00E5BE9B /* email-72.png */,
				005852DD239A729100E5BE9B /* email-96.png */,
				005852DB239A728600E5BE9B /* email-48.png */,
				005852E2239A72DC00E5BE9B /* password-36.png */,
				005852E0239A72DB00E5BE9B /* password-48.png */,
				005852E1239A72DC00E5BE9B /* password-72.png */,
				005852DF239A72DB00E5BE9B /* password-96.png */,
			);
			path = Icon;
			sourceTree = "<group>";
		};
		005852E9239A731800E5BE9B /* Logo */ = {
			isa = PBXGroup;
			children = (
				005852EA239A734800E5BE9B /* logo-450-126.png */,
				005852EB239A734800E5BE9B /* logo-720-200.png */,
				005852EC239A734800E5BE9B /* logo-900-250.png */,
				005852ED239A734900E5BE9B /* logo-1080-300.png */,
			);
			path = Logo;
			sourceTree = "<group>";
		};
		0058530B239A764400E5BE9B /* Comman */ = {
			isa = PBXGroup;
			children = (
				0058529A239A710A00E5BE9B /* AppDelegate.swift */,
				005852A3239A710A00E5BE9B /* LaunchScreen.storyboard */,
				00FCDF40239E483B001CBE60 /* ServiceManager.swift */,
				00FCDF47239E55AB001CBE60 /* AJAlertController.swift */,
				00FCDF53239E584D001CBE60 /* File.swift */,
			);
			path = Comman;
			sourceTree = "<group>";
		};
		00D44D81239F7190009B94C1 /* Icon */ = {
			isa = PBXGroup;
			children = (
				00F1477C239FB12B00D6075B /* rightarrow.png */,
				00F1477A239FB0EA00D6075B /* userinfo.png */,
				00D44D9A239FA40B009B94C1 /* placeholder_user.png */,
				00D44D8C239F7259009B94C1 /* user1.png */,
				00D44D9C239FA451009B94C1 /* camera.png */,
				00D44D90239F7342009B94C1 /* bookmark1.png */,
				00D44D8E239F7287009B94C1 /* notepad1.png */,
				00D44D82239F71AC009B94C1 /* bookmark.png */,
				00D44D92239F7348009B94C1 /* search1.png */,
				00D44D84239F71AC009B94C1 /* home.png */,
				00D44D85239F71AC009B94C1 /* notepad.png */,
				00D44D83239F71AC009B94C1 /* search.png */,
				00D44D86239F71AC009B94C1 /* user.png */,
			);
			path = Icon;
			sourceTree = "<group>";
		};
		00F1477E239FBC2500D6075B /* UserProfile */ = {
			isa = PBXGroup;
			children = (
				00095DD323A10E4000EBBEE4 /* video.png */,
				00F14788239FBD1200D6075B /* addbook.png */,
				00F1477F239FBC6D00D6075B /* companyinfo.png */,
				00F14783239FBCB100D6075B /* chat_icon.png */,
				00F14786239FBCFD00D6075B /* logout.png */,
				00F14784239FBCD600D6075B /* dict.png */,
			);
			path = UserProfile;
			sourceTree = "<group>";
		};
		00FCDF55239E6ABC001CBE60 /* Frameworks */ = {
			isa = PBXGroup;
			children = (
				00FCDF5A239E6B58001CBE60 /* FBSDKLoginKit.framework */,
				00FCDF58239E6B3E001CBE60 /* FBSDKCoreKit.framework */,
				00FCDF56239E6B20001CBE60 /* Bolts.framework */,
			);
			path = Frameworks;
			sourceTree = "<group>";
		};
		AF8C58FB62989471861305C1 /* Pods */ = {
			isa = PBXGroup;
			children = (
				8A14E21DF2FD5ED835384B08 /* Pods-UeBook.debug.xcconfig */,
				52DA483C50097836CDAF8AAF /* Pods-UeBook.release.xcconfig */,
			);
			path = Pods;
			sourceTree = "<group>";
		};
/* End PBXGroup section */

/* Begin PBXNativeTarget section */
		00585296239A710900E5BE9B /* UeBook */ = {
			isa = PBXNativeTarget;
			buildConfigurationList = 005852BF239A710A00E5BE9B /* Build configuration list for PBXNativeTarget "UeBook" */;
			buildPhases = (
				4FEC9C5E9FA7F5854698DB69 /* [CP] Check Pods Manifest.lock */,
				00585293239A710900E5BE9B /* Sources */,
				00585294239A710900E5BE9B /* Frameworks */,
				00585295239A710900E5BE9B /* Resources */,
				57A4B47654F56CA13BB82E60 /* [CP] Embed Pods Frameworks */,
			);
			buildRules = (
			);
			dependencies = (
			);
			name = UeBook;
			productName = UeBook;
			productReference = 00585297239A710900E5BE9B /* UeBook.app */;
			productType = "com.apple.product-type.application";
		};
		005852AA239A710A00E5BE9B /* UeBookTests */ = {
			isa = PBXNativeTarget;
			buildConfigurationList = 005852C2239A710A00E5BE9B /* Build configuration list for PBXNativeTarget "UeBookTests" */;
			buildPhases = (
				005852A7239A710A00E5BE9B /* Sources */,
				005852A8239A710A00E5BE9B /* Frameworks */,
				005852A9239A710A00E5BE9B /* Resources */,
			);
			buildRules = (
			);
			dependencies = (
				005852AD239A710A00E5BE9B /* PBXTargetDependency */,
			);
			name = UeBookTests;
			productName = UeBookTests;
			productReference = 005852AB239A710A00E5BE9B /* UeBookTests.xctest */;
			productType = "com.apple.product-type.bundle.unit-test";
		};
		005852B5239A710A00E5BE9B /* UeBookUITests */ = {
			isa = PBXNativeTarget;
			buildConfigurationList = 005852C5239A710A00E5BE9B /* Build configuration list for PBXNativeTarget "UeBookUITests" */;
			buildPhases = (
				005852B2239A710A00E5BE9B /* Sources */,
				005852B3239A710A00E5BE9B /* Frameworks */,
				005852B4239A710A00E5BE9B /* Resources */,
			);
			buildRules = (
			);
			dependencies = (
				005852B8239A710A00E5BE9B /* PBXTargetDependency */,
			);
			name = UeBookUITests;
			productName = UeBookUITests;
			productReference = 005852B6239A710A00E5BE9B /* UeBookUITests.xctest */;
			productType = "com.apple.product-type.bundle.ui-testing";
		};
/* End PBXNativeTarget section */

/* Begin PBXProject section */
		0058528F239A710900E5BE9B /* Project object */ = {
			isa = PBXProject;
			attributes = {
				LastSwiftUpdateCheck = 0940;
				LastUpgradeCheck = 0940;
				ORGANIZATIONNAME = Deepak;
				TargetAttributes = {
					00585296239A710900E5BE9B = {
						CreatedOnToolsVersion = 9.4.1;
					};
					005852AA239A710A00E5BE9B = {
						CreatedOnToolsVersion = 9.4.1;
						TestTargetID = 00585296239A710900E5BE9B;
					};
					005852B5239A710A00E5BE9B = {
						CreatedOnToolsVersion = 9.4.1;
						TestTargetID = 00585296239A710900E5BE9B;
					};
				};
			};
			buildConfigurationList = 00585292239A710900E5BE9B /* Build configuration list for PBXProject "UeBook" */;
			compatibilityVersion = "Xcode 9.3";
			developmentRegion = en;
			hasScannedForEncodings = 0;
			knownRegions = (
				en,
				Base,
			);
			mainGroup = 0058528E239A710900E5BE9B;
			productRefGroup = 00585298239A710900E5BE9B /* Products */;
			projectDirPath = "";
			projectRoot = "";
			targets = (
				00585296239A710900E5BE9B /* UeBook */,
				005852AA239A710A00E5BE9B /* UeBookTests */,
				005852B5239A710A00E5BE9B /* UeBookUITests */,
			);
		};
/* End PBXProject section */

/* Begin PBXResourcesBuildPhase section */
		00585295239A710900E5BE9B /* Resources */ = {
			isa = PBXResourcesBuildPhase;
			buildActionMask = 2147483647;
			files = (
				005852DC239A728600E5BE9B /* email-48.png in Resources */,
				00F14780239FBC6D00D6075B /* companyinfo.png in Resources */,
				000FCEE523A7669C008B323F /* ic_error_white.png in Resources */,
				00585309239A73D600E5BE9B /* user-96.png in Resources */,
				00F14782239FBC9000D6075B /* chat_icon.png in Resources */,
				005852F1239A734900E5BE9B /* logo-1080-300.png in Resources */,
				000FCEDF23A757CD008B323F /* languges.png in Resources */,
				000FCED723A7575E008B323F /* share.png in Resources */,
				000FCED923A7576B008B323F /* helpcenter.png in Resources */,
				00585304239A73D600E5BE9B /* gender-48.png in Resources */,
				000FCEEB23A768EE008B323F /* LeftArrow.png in Resources */,
				000FCEE923A766C5008B323F /* imagebg.png in Resources */,
				005852EE239A734900E5BE9B /* logo-450-126.png in Resources */,
				00F14787239FBCFD00D6075B /* logout.png in Resources */,
				000FCEE323A764E1008B323F /* help.png in Resources */,
				005852A5239A710A00E5BE9B /* LaunchScreen.storyboard in Resources */,
				00095DD723A10E6600EBBEE4 /* document.png in Resources */,
				004F7CF2239BCDBB00BAB2DD /* homescreen.jpg in Resources */,
				00F1477D239FB12B00D6075B /* rightarrow.png in Resources */,
				00D44D89239F71AC009B94C1 /* home.png in Resources */,
				00585305239A73D600E5BE9B /* gender-96.png in Resources */,
				004F7CF1239BCDBB00BAB2DD /* register.jpg in Resources */,
				005852DE239A729200E5BE9B /* email-96.png in Resources */,
				004F7CFC239BD13300BAB2DD /* e-book-ico-1080.png in Resources */,
				00585301239A73D600E5BE9B /* gender-36.png in Resources */,
				004F7CFB239BD13300BAB2DD /* e-book-512.png in Resources */,
				004F7CFD239BD13300BAB2DD /* e-book-ico-512.png in Resources */,
				00D44D9D239FA452009B94C1 /* camera.png in Resources */,
				000FCEDB23A75776008B323F /* about.png in Resources */,
				00F1477B239FB0EA00D6075B /* userinfo.png in Resources */,
				005852D5239A71D500E5BE9B /* 2-register.png in Resources */,
				00095DD023A0F74200EBBEE4 /* ic_error_white.png in Resources */,
				00D44D87239F71AC009B94C1 /* bookmark.png in Resources */,
				005852A2239A710A00E5BE9B /* Assets.xcassets in Resources */,
				005852DA239A727D00E5BE9B /* email-36.png in Resources */,
				00095DCE23A0F72700EBBEE4 /* ic_arrow_back.png in Resources */,
				005852D1239A71C300E5BE9B /* 3-login.png in Resources */,
				000FCEE723A766BC008B323F /* imagebg.png in Resources */,
				005852E5239A72DC00E5BE9B /* password-72.png in Resources */,
				00D44D8A239F71AC009B94C1 /* notepad.png in Resources */,
				004F7CFA239BD13300BAB2DD /* e-book-1080.png in Resources */,
				00D44D91239F7342009B94C1 /* bookmark1.png in Resources */,
				00F14785239FBCD600D6075B /* dict.png in Resources */,
				005852EF239A734900E5BE9B /* logo-720-200.png in Resources */,
				005852E4239A72DC00E5BE9B /* password-48.png in Resources */,
				000FCEDD23A7578E008B323F /* contactus.png in Resources */,
				00585308239A73D600E5BE9B /* user-36.png in Resources */,
				00585302239A73D600E5BE9B /* gender-72.png in Resources */,
				005852E8239A72FF00E5BE9B /* email-72.png in Resources */,
				004F7CF4239BCDBB00BAB2DD /* spash-screen.jpg in Resources */,
				005852F0239A734900E5BE9B /* logo-900-250.png in Resources */,
				00D44D8B239F71AC009B94C1 /* user.png in Resources */,
				005852E3239A72DC00E5BE9B /* password-96.png in Resources */,
				005852FF239A73D600E5BE9B /* book-36.png in Resources */,
				00095DD423A10E4000EBBEE4 /* video.png in Resources */,
				005852A0239A710A00E5BE9B /* Main.storyboard in Resources */,
				000FCEF423A7B5ED008B323F /* drop-down-arrow.png in Resources */,
				00585306239A73D600E5BE9B /* book-72.png in Resources */,
				00095DD223A10E2800EBBEE4 /* audio.png in Resources */,
				00D44D8F239F7287009B94C1 /* notepad1.png in Resources */,
				005852FE239A73D600E5BE9B /* user-72.png in Resources */,
				00D44D8D239F725A009B94C1 /* user1.png in Resources */,
				00585300239A73D600E5BE9B /* book-96.png in Resources */,
				00D44D9B239FA40C009B94C1 /* placeholder_user.png in Resources */,
				004F7CF3239BCDBB00BAB2DD /* login.jpg in Resources */,
				00D44D88239F71AC009B94C1 /* search.png in Resources */,
				00F14789239FBD1200D6075B /* addbook.png in Resources */,
				005852CF239A71BA00E5BE9B /* 1-spash-screen.png in Resources */,
				00585303239A73D600E5BE9B /* user-48.png in Resources */,
				00D44D93239F7348009B94C1 /* search1.png in Resources */,
				00585307239A73D600E5BE9B /* book-48.png in Resources */,
				005852E6239A72DC00E5BE9B /* password-36.png in Resources */,
			);
			runOnlyForDeploymentPostprocessing = 0;
		};
		005852A9239A710A00E5BE9B /* Resources */ = {
			isa = PBXResourcesBuildPhase;
			buildActionMask = 2147483647;
			files = (
			);
			runOnlyForDeploymentPostprocessing = 0;
		};
		005852B4239A710A00E5BE9B /* Resources */ = {
			isa = PBXResourcesBuildPhase;
			buildActionMask = 2147483647;
			files = (
			);
			runOnlyForDeploymentPostprocessing = 0;
		};
/* End PBXResourcesBuildPhase section */

/* Begin PBXShellScriptBuildPhase section */
		4FEC9C5E9FA7F5854698DB69 /* [CP] Check Pods Manifest.lock */ = {
			isa = PBXShellScriptBuildPhase;
			buildActionMask = 2147483647;
			files = (
			);
			inputPaths = (
				"${PODS_PODFILE_DIR_PATH}/Podfile.lock",
				"${PODS_ROOT}/Manifest.lock",
			);
			name = "[CP] Check Pods Manifest.lock";
			outputPaths = (
				"$(DERIVED_FILE_DIR)/Pods-UeBook-checkManifestLockResult.txt",
			);
			runOnlyForDeploymentPostprocessing = 0;
			shellPath = /bin/sh;
			shellScript = "diff \"${PODS_PODFILE_DIR_PATH}/Podfile.lock\" \"${PODS_ROOT}/Manifest.lock\" > /dev/null\nif [ $? != 0 ] ; then\n    # print error to STDERR\n    echo \"error: The sandbox is not in sync with the Podfile.lock. Run 'pod install' or update your CocoaPods installation.\" >&2\n    exit 1\nfi\n# This output is used by Xcode 'outputs' to avoid re-running this script phase.\necho \"SUCCESS\" > \"${SCRIPT_OUTPUT_FILE_0}\"\n";
			showEnvVarsInLog = 0;
		};
		57A4B47654F56CA13BB82E60 /* [CP] Embed Pods Frameworks */ = {
			isa = PBXShellScriptBuildPhase;
			buildActionMask = 2147483647;
			files = (
			);
			name = "[CP] Embed Pods Frameworks";
			runOnlyForDeploymentPostprocessing = 0;
			shellPath = /bin/sh;
			shellScript = "\"${PODS_ROOT}/Target Support Files/Pods-UeBook/Pods-UeBook-frameworks.sh\"\n";
			showEnvVarsInLog = 0;
		};
/* End PBXShellScriptBuildPhase section */

/* Begin PBXSourcesBuildPhase section */
		00585293239A710900E5BE9B /* Sources */ = {
			isa = PBXSourcesBuildPhase;
			buildActionMask = 2147483647;
			files = (
				00F3B7F2239E12DD0048FE80 /* HomeViewController.swift in Sources */,
				00095DCA23A0C03B00EBBEE4 /* ContactAPI.swift in Sources */,
				0058529D239A710A00E5BE9B /* ViewController.swift in Sources */,
				00095DCC23A0CF5700EBBEE4 /* EditUserViewController.swift in Sources */,
				000FCEF223A78E23008B323F /* AboutUsViewController.swift in Sources */,
				0058529B239A710A00E5BE9B /* AppDelegate.swift in Sources */,
				0058530F239A76E400E5BE9B /* loginViewController.swift in Sources */,
				00D44D97239F8492009B94C1 /* TabBarViewController.swift in Sources */,
				000FCEF023A76EAD008B323F /* ContactUsViewController.swift in Sources */,
				00FCDF48239E55AB001CBE60 /* AJAlertController.swift in Sources */,
				00095DD923A1145400EBBEE4 /* uploadBookViewController.swift in Sources */,
				000FCED523A754D2008B323F /* ShareUsViewController.swift in Sources */,
				00095DC223A0B0FA00EBBEE4 /* NotpadViewController.swift in Sources */,
				00D44D99239F99E9009B94C1 /* ActiveViewController.swift in Sources */,
				000FCEEE23A76E8B008B323F /* HelpViewController.swift in Sources */,
				00585311239A770600E5BE9B /* registerViewController.swift in Sources */,
				00FCDF54239E584D001CBE60 /* File.swift in Sources */,
				00095DC823A0C03400EBBEE4 /* Contact.swift in Sources */,
				00D44D9F239FA6D7009B94C1 /* UserProfileViewController.swift in Sources */,
				000FCEE123A75E12008B323F /* CompanyInfoViewController.swift in Sources */,
				00FCDF41239E483B001CBE60 /* ServiceManager.swift in Sources */,
			);
			runOnlyForDeploymentPostprocessing = 0;
		};
		005852A7239A710A00E5BE9B /* Sources */ = {
			isa = PBXSourcesBuildPhase;
			buildActionMask = 2147483647;
			files = (
				005852B0239A710A00E5BE9B /* UeBookTests.swift in Sources */,
			);
			runOnlyForDeploymentPostprocessing = 0;
		};
		005852B2239A710A00E5BE9B /* Sources */ = {
			isa = PBXSourcesBuildPhase;
			buildActionMask = 2147483647;
			files = (
				005852BB239A710A00E5BE9B /* UeBookUITests.swift in Sources */,
			);
			runOnlyForDeploymentPostprocessing = 0;
		};
/* End PBXSourcesBuildPhase section */

/* Begin PBXTargetDependency section */
		005852AD239A710A00E5BE9B /* PBXTargetDependency */ = {
			isa = PBXTargetDependency;
			target = 00585296239A710900E5BE9B /* UeBook */;
			targetProxy = 005852AC239A710A00E5BE9B /* PBXContainerItemProxy */;
		};
		005852B8239A710A00E5BE9B /* PBXTargetDependency */ = {
			isa = PBXTargetDependency;
			target = 00585296239A710900E5BE9B /* UeBook */;
			targetProxy = 005852B7239A710A00E5BE9B /* PBXContainerItemProxy */;
		};
/* End PBXTargetDependency section */

/* Begin PBXVariantGroup section */
		0058529E239A710A00E5BE9B /* Main.storyboard */ = {
			isa = PBXVariantGroup;
			children = (
				0058529F239A710A00E5BE9B /* Base */,
			);
			name = Main.storyboard;
			sourceTree = "<group>";
		};
		005852A3239A710A00E5BE9B /* LaunchScreen.storyboard */ = {
			isa = PBXVariantGroup;
			children = (
				005852A4239A710A00E5BE9B /* Base */,
			);
			name = LaunchScreen.storyboard;
			sourceTree = "<group>";
		};
/* End PBXVariantGroup section */

/* Begin XCBuildConfiguration section */
		005852BD239A710A00E5BE9B /* Debug */ = {
			isa = XCBuildConfiguration;
			buildSettings = {
				ALWAYS_SEARCH_USER_PATHS = NO;
				CLANG_ANALYZER_NONNULL = YES;
				CLANG_ANALYZER_NUMBER_OBJECT_CONVERSION = YES_AGGRESSIVE;
				CLANG_CXX_LANGUAGE_STANDARD = "gnu++14";
				CLANG_CXX_LIBRARY = "libc++";
				CLANG_ENABLE_MODULES = YES;
				CLANG_ENABLE_OBJC_ARC = YES;
				CLANG_ENABLE_OBJC_WEAK = YES;
				CLANG_WARN_BLOCK_CAPTURE_AUTORELEASING = YES;
				CLANG_WARN_BOOL_CONVERSION = YES;
				CLANG_WARN_COMMA = YES;
				CLANG_WARN_CONSTANT_CONVERSION = YES;
				CLANG_WARN_DEPRECATED_OBJC_IMPLEMENTATIONS = YES;
				CLANG_WARN_DIRECT_OBJC_ISA_USAGE = YES_ERROR;
				CLANG_WARN_DOCUMENTATION_COMMENTS = YES;
				CLANG_WARN_EMPTY_BODY = YES;
				CLANG_WARN_ENUM_CONVERSION = YES;
				CLANG_WARN_INFINITE_RECURSION = YES;
				CLANG_WARN_INT_CONVERSION = YES;
				CLANG_WARN_NON_LITERAL_NULL_CONVERSION = YES;
				CLANG_WARN_OBJC_IMPLICIT_RETAIN_SELF = YES;
				CLANG_WARN_OBJC_LITERAL_CONVERSION = YES;
				CLANG_WARN_OBJC_ROOT_CLASS = YES_ERROR;
				CLANG_WARN_RANGE_LOOP_ANALYSIS = YES;
				CLANG_WARN_STRICT_PROTOTYPES = YES;
				CLANG_WARN_SUSPICIOUS_MOVE = YES;
				CLANG_WARN_UNGUARDED_AVAILABILITY = YES_AGGRESSIVE;
				CLANG_WARN_UNREACHABLE_CODE = YES;
				CLANG_WARN__DUPLICATE_METHOD_MATCH = YES;
				CODE_SIGN_IDENTITY = "iPhone Developer";
				COPY_PHASE_STRIP = NO;
				DEBUG_INFORMATION_FORMAT = dwarf;
				ENABLE_STRICT_OBJC_MSGSEND = YES;
				ENABLE_TESTABILITY = YES;
				GCC_C_LANGUAGE_STANDARD = gnu11;
				GCC_DYNAMIC_NO_PIC = NO;
				GCC_NO_COMMON_BLOCKS = YES;
				GCC_OPTIMIZATION_LEVEL = 0;
				GCC_PREPROCESSOR_DEFINITIONS = (
					"DEBUG=1",
					"$(inherited)",
				);
				GCC_WARN_64_TO_32_BIT_CONVERSION = YES;
				GCC_WARN_ABOUT_RETURN_TYPE = YES_ERROR;
				GCC_WARN_UNDECLARED_SELECTOR = YES;
				GCC_WARN_UNINITIALIZED_AUTOS = YES_AGGRESSIVE;
				GCC_WARN_UNUSED_FUNCTION = YES;
				GCC_WARN_UNUSED_VARIABLE = YES;
				IPHONEOS_DEPLOYMENT_TARGET = 11.4;
				MTL_ENABLE_DEBUG_INFO = YES;
				ONLY_ACTIVE_ARCH = YES;
				SDKROOT = iphoneos;
				SWIFT_ACTIVE_COMPILATION_CONDITIONS = DEBUG;
				SWIFT_OPTIMIZATION_LEVEL = "-Onone";
			};
			name = Debug;
		};
		005852BE239A710A00E5BE9B /* Release */ = {
			isa = XCBuildConfiguration;
			buildSettings = {
				ALWAYS_SEARCH_USER_PATHS = NO;
				CLANG_ANALYZER_NONNULL = YES;
				CLANG_ANALYZER_NUMBER_OBJECT_CONVERSION = YES_AGGRESSIVE;
				CLANG_CXX_LANGUAGE_STANDARD = "gnu++14";
				CLANG_CXX_LIBRARY = "libc++";
				CLANG_ENABLE_MODULES = YES;
				CLANG_ENABLE_OBJC_ARC = YES;
				CLANG_ENABLE_OBJC_WEAK = YES;
				CLANG_WARN_BLOCK_CAPTURE_AUTORELEASING = YES;
				CLANG_WARN_BOOL_CONVERSION = YES;
				CLANG_WARN_COMMA = YES;
				CLANG_WARN_CONSTANT_CONVERSION = YES;
				CLANG_WARN_DEPRECATED_OBJC_IMPLEMENTATIONS = YES;
				CLANG_WARN_DIRECT_OBJC_ISA_USAGE = YES_ERROR;
				CLANG_WARN_DOCUMENTATION_COMMENTS = YES;
				CLANG_WARN_EMPTY_BODY = YES;
				CLANG_WARN_ENUM_CONVERSION = YES;
				CLANG_WARN_INFINITE_RECURSION = YES;
				CLANG_WARN_INT_CONVERSION = YES;
				CLANG_WARN_NON_LITERAL_NULL_CONVERSION = YES;
				CLANG_WARN_OBJC_IMPLICIT_RETAIN_SELF = YES;
				CLANG_WARN_OBJC_LITERAL_CONVERSION = YES;
				CLANG_WARN_OBJC_ROOT_CLASS = YES_ERROR;
				CLANG_WARN_RANGE_LOOP_ANALYSIS = YES;
				CLANG_WARN_STRICT_PROTOTYPES = YES;
				CLANG_WARN_SUSPICIOUS_MOVE = YES;
				CLANG_WARN_UNGUARDED_AVAILABILITY = YES_AGGRESSIVE;
				CLANG_WARN_UNREACHABLE_CODE = YES;
				CLANG_WARN__DUPLICATE_METHOD_MATCH = YES;
				CODE_SIGN_IDENTITY = "iPhone Developer";
				COPY_PHASE_STRIP = NO;
				DEBUG_INFORMATION_FORMAT = "dwarf-with-dsym";
				ENABLE_NS_ASSERTIONS = NO;
				ENABLE_STRICT_OBJC_MSGSEND = YES;
				GCC_C_LANGUAGE_STANDARD = gnu11;
				GCC_NO_COMMON_BLOCKS = YES;
				GCC_WARN_64_TO_32_BIT_CONVERSION = YES;
				GCC_WARN_ABOUT_RETURN_TYPE = YES_ERROR;
				GCC_WARN_UNDECLARED_SELECTOR = YES;
				GCC_WARN_UNINITIALIZED_AUTOS = YES_AGGRESSIVE;
				GCC_WARN_UNUSED_FUNCTION = YES;
				GCC_WARN_UNUSED_VARIABLE = YES;
				IPHONEOS_DEPLOYMENT_TARGET = 11.4;
				MTL_ENABLE_DEBUG_INFO = NO;
				SDKROOT = iphoneos;
				SWIFT_COMPILATION_MODE = wholemodule;
				SWIFT_OPTIMIZATION_LEVEL = "-O";
				VALIDATE_PRODUCT = YES;
			};
			name = Release;
		};
		005852C0239A710A00E5BE9B /* Debug */ = {
			isa = XCBuildConfiguration;
			baseConfigurationReference = 8A14E21DF2FD5ED835384B08 /* Pods-UeBook.debug.xcconfig */;
			buildSettings = {
				ASSETCATALOG_COMPILER_APPICON_NAME = AppIcon;
				CODE_SIGN_STYLE = Automatic;
				DEVELOPMENT_TEAM = HDTDJ67NPX;
				FRAMEWORK_SEARCH_PATHS = (
					"$(inherited)",
					"$(PROJECT_DIR)/UeBook/Frameworks",
					"$(PROJECT_DIR)",
				);
				INFOPLIST_FILE = UeBook/Info.plist;
				IPHONEOS_DEPLOYMENT_TARGET = 9.3;
				LD_RUNPATH_SEARCH_PATHS = (
					"$(inherited)",
					"@executable_path/Frameworks",
				);
				PRODUCT_BUNDLE_IDENTIFIER = com.Uebook.UeBook;
				PRODUCT_NAME = "$(TARGET_NAME)";
				SWIFT_VERSION = 4.0;
				TARGETED_DEVICE_FAMILY = "1,2";
			};
			name = Debug;
		};
		005852C1239A710A00E5BE9B /* Release */ = {
			isa = XCBuildConfiguration;
			baseConfigurationReference = 52DA483C50097836CDAF8AAF /* Pods-UeBook.release.xcconfig */;
			buildSettings = {
				ASSETCATALOG_COMPILER_APPICON_NAME = AppIcon;
				CODE_SIGN_STYLE = Automatic;
				DEVELOPMENT_TEAM = HDTDJ67NPX;
				FRAMEWORK_SEARCH_PATHS = (
					"$(inherited)",
					"$(PROJECT_DIR)/UeBook/Frameworks",
					"$(PROJECT_DIR)",
				);
				INFOPLIST_FILE = UeBook/Info.plist;
				IPHONEOS_DEPLOYMENT_TARGET = 9.3;
				LD_RUNPATH_SEARCH_PATHS = (
					"$(inherited)",
					"@executable_path/Frameworks",
				);
				PRODUCT_BUNDLE_IDENTIFIER = com.Uebook.UeBook;
				PRODUCT_NAME = "$(TARGET_NAME)";
				SWIFT_VERSION = 4.0;
				TARGETED_DEVICE_FAMILY = "1,2";
			};
			name = Release;
		};
		005852C3239A710A00E5BE9B /* Debug */ = {
			isa = XCBuildConfiguration;
			buildSettings = {
				ALWAYS_EMBED_SWIFT_STANDARD_LIBRARIES = YES;
				BUNDLE_LOADER = "$(TEST_HOST)";
				CODE_SIGN_STYLE = Automatic;
				INFOPLIST_FILE = UeBookTests/Info.plist;
				LD_RUNPATH_SEARCH_PATHS = (
					"$(inherited)",
					"@executable_path/Frameworks",
					"@loader_path/Frameworks",
				);
				PRODUCT_BUNDLE_IDENTIFIER = com.Uebook.UeBookTests;
				PRODUCT_NAME = "$(TARGET_NAME)";
				SWIFT_VERSION = 4.0;
				TARGETED_DEVICE_FAMILY = "1,2";
				TEST_HOST = "$(BUILT_PRODUCTS_DIR)/UeBook.app/UeBook";
			};
			name = Debug;
		};
		005852C4239A710A00E5BE9B /* Release */ = {
			isa = XCBuildConfiguration;
			buildSettings = {
				ALWAYS_EMBED_SWIFT_STANDARD_LIBRARIES = YES;
				BUNDLE_LOADER = "$(TEST_HOST)";
				CODE_SIGN_STYLE = Automatic;
				INFOPLIST_FILE = UeBookTests/Info.plist;
				LD_RUNPATH_SEARCH_PATHS = (
					"$(inherited)",
					"@executable_path/Frameworks",
					"@loader_path/Frameworks",
				);
				PRODUCT_BUNDLE_IDENTIFIER = com.Uebook.UeBookTests;
				PRODUCT_NAME = "$(TARGET_NAME)";
				SWIFT_VERSION = 4.0;
				TARGETED_DEVICE_FAMILY = "1,2";
				TEST_HOST = "$(BUILT_PRODUCTS_DIR)/UeBook.app/UeBook";
			};
			name = Release;
		};
		005852C6239A710A00E5BE9B /* Debug */ = {
			isa = XCBuildConfiguration;
			buildSettings = {
				ALWAYS_EMBED_SWIFT_STANDARD_LIBRARIES = YES;
				CODE_SIGN_STYLE = Automatic;
				INFOPLIST_FILE = UeBookUITests/Info.plist;
				LD_RUNPATH_SEARCH_PATHS = (
					"$(inherited)",
					"@executable_path/Frameworks",
					"@loader_path/Frameworks",
				);
				PRODUCT_BUNDLE_IDENTIFIER = com.Uebook.UeBookUITests;
				PRODUCT_NAME = "$(TARGET_NAME)";
				SWIFT_VERSION = 4.0;
				TARGETED_DEVICE_FAMILY = "1,2";
				TEST_TARGET_NAME = UeBook;
			};
			name = Debug;
		};
		005852C7239A710A00E5BE9B /* Release */ = {
			isa = XCBuildConfiguration;
			buildSettings = {
				ALWAYS_EMBED_SWIFT_STANDARD_LIBRARIES = YES;
				CODE_SIGN_STYLE = Automatic;
				INFOPLIST_FILE = UeBookUITests/Info.plist;
				LD_RUNPATH_SEARCH_PATHS = (
					"$(inherited)",
					"@executable_path/Frameworks",
					"@loader_path/Frameworks",
				);
				PRODUCT_BUNDLE_IDENTIFIER = com.Uebook.UeBookUITests;
				PRODUCT_NAME = "$(TARGET_NAME)";
				SWIFT_VERSION = 4.0;
				TARGETED_DEVICE_FAMILY = "1,2";
				TEST_TARGET_NAME = UeBook;
			};
			name = Release;
		};
/* End XCBuildConfiguration section */

/* Begin XCConfigurationList section */
		00585292239A710900E5BE9B /* Build configuration list for PBXProject "UeBook" */ = {
			isa = XCConfigurationList;
			buildConfigurations = (
				005852BD239A710A00E5BE9B /* Debug */,
				005852BE239A710A00E5BE9B /* Release */,
			);
			defaultConfigurationIsVisible = 0;
			defaultConfigurationName = Release;
		};
		005852BF239A710A00E5BE9B /* Build configuration list for PBXNativeTarget "UeBook" */ = {
			isa = XCConfigurationList;
			buildConfigurations = (
				005852C0239A710A00E5BE9B /* Debug */,
				005852C1239A710A00E5BE9B /* Release */,
			);
			defaultConfigurationIsVisible = 0;
			defaultConfigurationName = Release;
		};
		005852C2239A710A00E5BE9B /* Build configuration list for PBXNativeTarget "UeBookTests" */ = {
			isa = XCConfigurationList;
			buildConfigurations = (
				005852C3239A710A00E5BE9B /* Debug */,
				005852C4239A710A00E5BE9B /* Release */,
			);
			defaultConfigurationIsVisible = 0;
			defaultConfigurationName = Release;
		};
		005852C5239A710A00E5BE9B /* Build configuration list for PBXNativeTarget "UeBookUITests" */ = {
			isa = XCConfigurationList;
			buildConfigurations = (
				005852C6239A710A00E5BE9B /* Debug */,
				005852C7239A710A00E5BE9B /* Release */,
			);
			defaultConfigurationIsVisible = 0;
			defaultConfigurationName = Release;
		};
/* End XCConfigurationList section */
	};
	rootObject = 0058528F239A710900E5BE9B /* Project object */;
}
